{
    "name": "@solarpunkltd/swarm-decentralized-chat",
    "version": "0.0.15",
    "lockfileVersion": 3,
    "requires": true,
    "packages": {
        "": {
            "name": "@solarpunkltd/swarm-decentralized-chat",
            "version": "0.0.15",
            "dependencies": {
                "@ethersphere/bee-js": "^6.9.1",
                "@solarpunkltd/gsoc": "0.0.2",
                "ethers": "^5.7.2",
                "pino": "^9.3.2",
                "pino-pretty": "^11.2.2",
                "remove": "^0.1.5"
            },
            "devDependencies": {
                "@types/lodash": "^4.17.7",
                "@types/pino": "^7.0.5",
                "typescript": "^4.0.0"
            }
        },
        "node_modules/@ethersphere/bee-js": {
            "version": "6.9.1",
            "license": "BSD-3-Clause",
            "dependencies": {
                "@ethersphere/swarm-cid": "^0.1.0",
                "@types/readable-stream": "^2.3.13",
                "axios": "^0.28.0",
                "cafe-utility": "^15.0.2",
                "elliptic": "^6.5.4",
                "fetch-blob": "2.1.2",
                "isomorphic-ws": "^4.0.1",
                "js-sha3": "^0.8.0",
                "semver": "^7.3.5",
                "tar-js": "^0.3.0",
                "web-streams-polyfill": "^4.0.0-beta.3",
                "ws": "^8.7.0"
            },
            "engines": {
                "bee": "1.18.2-759f56f",
                "beeApiVersion": "4.0.0",
                "beeDebugApiVersion": "4.0.0",
                "node": ">=14.0.0",
                "npm": ">=6.0.0"
            }
        },
        "node_modules/@ethersphere/swarm-cid": {
            "version": "0.1.0",
            "license": "BSD-3-Clause",
            "dependencies": {
                "multiformats": "^9.5.4"
            },
            "engines": {
                "node": ">=12.0.0",
                "npm": ">=6.0.0"
            }
        },
        "node_modules/@ethersproject/abi": {
            "version": "5.7.0",
            "funding": [
                {
                    "type": "individual",
                    "url": "https://gitcoin.co/grants/13/ethersjs-complete-simple-and-tiny-2"
                },
                {
                    "type": "individual",
                    "url": "https://www.buymeacoffee.com/ricmoo"
                }
            ],
            "license": "MIT",
            "dependencies": {
                "@ethersproject/address": "^5.7.0",
                "@ethersproject/bignumber": "^5.7.0",
                "@ethersproject/bytes": "^5.7.0",
                "@ethersproject/constants": "^5.7.0",
                "@ethersproject/hash": "^5.7.0",
                "@ethersproject/keccak256": "^5.7.0",
                "@ethersproject/logger": "^5.7.0",
                "@ethersproject/properties": "^5.7.0",
                "@ethersproject/strings": "^5.7.0"
            }
        },
        "node_modules/@ethersproject/abstract-provider": {
            "version": "5.7.0",
            "funding": [
                {
                    "type": "individual",
                    "url": "https://gitcoin.co/grants/13/ethersjs-complete-simple-and-tiny-2"
                },
                {
                    "type": "individual",
                    "url": "https://www.buymeacoffee.com/ricmoo"
                }
            ],
            "license": "MIT",
            "dependencies": {
                "@ethersproject/bignumber": "^5.7.0",
                "@ethersproject/bytes": "^5.7.0",
                "@ethersproject/logger": "^5.7.0",
                "@ethersproject/networks": "^5.7.0",
                "@ethersproject/properties": "^5.7.0",
                "@ethersproject/transactions": "^5.7.0",
                "@ethersproject/web": "^5.7.0"
            }
        },
        "node_modules/@ethersproject/abstract-signer": {
            "version": "5.7.0",
            "funding": [
                {
                    "type": "individual",
                    "url": "https://gitcoin.co/grants/13/ethersjs-complete-simple-and-tiny-2"
                },
                {
                    "type": "individual",
                    "url": "https://www.buymeacoffee.com/ricmoo"
                }
            ],
            "license": "MIT",
            "dependencies": {
                "@ethersproject/abstract-provider": "^5.7.0",
                "@ethersproject/bignumber": "^5.7.0",
                "@ethersproject/bytes": "^5.7.0",
                "@ethersproject/logger": "^5.7.0",
                "@ethersproject/properties": "^5.7.0"
            }
        },
        "node_modules/@ethersproject/address": {
            "version": "5.7.0",
            "funding": [
                {
                    "type": "individual",
                    "url": "https://gitcoin.co/grants/13/ethersjs-complete-simple-and-tiny-2"
                },
                {
                    "type": "individual",
                    "url": "https://www.buymeacoffee.com/ricmoo"
                }
            ],
            "license": "MIT",
            "dependencies": {
                "@ethersproject/bignumber": "^5.7.0",
                "@ethersproject/bytes": "^5.7.0",
                "@ethersproject/keccak256": "^5.7.0",
                "@ethersproject/logger": "^5.7.0",
                "@ethersproject/rlp": "^5.7.0"
            }
        },
        "node_modules/@ethersproject/base64": {
            "version": "5.7.0",
            "funding": [
                {
                    "type": "individual",
                    "url": "https://gitcoin.co/grants/13/ethersjs-complete-simple-and-tiny-2"
                },
                {
                    "type": "individual",
                    "url": "https://www.buymeacoffee.com/ricmoo"
                }
            ],
            "license": "MIT",
            "dependencies": {
                "@ethersproject/bytes": "^5.7.0"
            }
        },
        "node_modules/@ethersproject/basex": {
            "version": "5.7.0",
            "funding": [
                {
                    "type": "individual",
                    "url": "https://gitcoin.co/grants/13/ethersjs-complete-simple-and-tiny-2"
                },
                {
                    "type": "individual",
                    "url": "https://www.buymeacoffee.com/ricmoo"
                }
            ],
            "license": "MIT",
            "dependencies": {
                "@ethersproject/bytes": "^5.7.0",
                "@ethersproject/properties": "^5.7.0"
            }
        },
        "node_modules/@ethersproject/bignumber": {
            "version": "5.7.0",
            "funding": [
                {
                    "type": "individual",
                    "url": "https://gitcoin.co/grants/13/ethersjs-complete-simple-and-tiny-2"
                },
                {
                    "type": "individual",
                    "url": "https://www.buymeacoffee.com/ricmoo"
                }
            ],
            "license": "MIT",
            "dependencies": {
                "@ethersproject/bytes": "^5.7.0",
                "@ethersproject/logger": "^5.7.0",
                "bn.js": "^5.2.1"
            }
        },
        "node_modules/@ethersproject/bignumber/node_modules/bn.js": {
            "version": "5.2.1",
            "license": "MIT"
        },
        "node_modules/@ethersproject/bytes": {
            "version": "5.7.0",
            "funding": [
                {
                    "type": "individual",
                    "url": "https://gitcoin.co/grants/13/ethersjs-complete-simple-and-tiny-2"
                },
                {
                    "type": "individual",
                    "url": "https://www.buymeacoffee.com/ricmoo"
                }
            ],
            "license": "MIT",
            "dependencies": {
                "@ethersproject/logger": "^5.7.0"
            }
        },
        "node_modules/@ethersproject/constants": {
            "version": "5.7.0",
            "funding": [
                {
                    "type": "individual",
                    "url": "https://gitcoin.co/grants/13/ethersjs-complete-simple-and-tiny-2"
                },
                {
                    "type": "individual",
                    "url": "https://www.buymeacoffee.com/ricmoo"
                }
            ],
            "license": "MIT",
            "dependencies": {
                "@ethersproject/bignumber": "^5.7.0"
            }
        },
        "node_modules/@ethersproject/contracts": {
            "version": "5.7.0",
            "funding": [
                {
                    "type": "individual",
                    "url": "https://gitcoin.co/grants/13/ethersjs-complete-simple-and-tiny-2"
                },
                {
                    "type": "individual",
                    "url": "https://www.buymeacoffee.com/ricmoo"
                }
            ],
            "license": "MIT",
            "dependencies": {
                "@ethersproject/abi": "^5.7.0",
                "@ethersproject/abstract-provider": "^5.7.0",
                "@ethersproject/abstract-signer": "^5.7.0",
                "@ethersproject/address": "^5.7.0",
                "@ethersproject/bignumber": "^5.7.0",
                "@ethersproject/bytes": "^5.7.0",
                "@ethersproject/constants": "^5.7.0",
                "@ethersproject/logger": "^5.7.0",
                "@ethersproject/properties": "^5.7.0",
                "@ethersproject/transactions": "^5.7.0"
            }
        },
        "node_modules/@ethersproject/hash": {
            "version": "5.7.0",
            "funding": [
                {
                    "type": "individual",
                    "url": "https://gitcoin.co/grants/13/ethersjs-complete-simple-and-tiny-2"
                },
                {
                    "type": "individual",
                    "url": "https://www.buymeacoffee.com/ricmoo"
                }
            ],
            "license": "MIT",
            "dependencies": {
                "@ethersproject/abstract-signer": "^5.7.0",
                "@ethersproject/address": "^5.7.0",
                "@ethersproject/base64": "^5.7.0",
                "@ethersproject/bignumber": "^5.7.0",
                "@ethersproject/bytes": "^5.7.0",
                "@ethersproject/keccak256": "^5.7.0",
                "@ethersproject/logger": "^5.7.0",
                "@ethersproject/properties": "^5.7.0",
                "@ethersproject/strings": "^5.7.0"
            }
        },
        "node_modules/@ethersproject/hdnode": {
            "version": "5.7.0",
            "funding": [
                {
                    "type": "individual",
                    "url": "https://gitcoin.co/grants/13/ethersjs-complete-simple-and-tiny-2"
                },
                {
                    "type": "individual",
                    "url": "https://www.buymeacoffee.com/ricmoo"
                }
            ],
            "license": "MIT",
            "dependencies": {
                "@ethersproject/abstract-signer": "^5.7.0",
                "@ethersproject/basex": "^5.7.0",
                "@ethersproject/bignumber": "^5.7.0",
                "@ethersproject/bytes": "^5.7.0",
                "@ethersproject/logger": "^5.7.0",
                "@ethersproject/pbkdf2": "^5.7.0",
                "@ethersproject/properties": "^5.7.0",
                "@ethersproject/sha2": "^5.7.0",
                "@ethersproject/signing-key": "^5.7.0",
                "@ethersproject/strings": "^5.7.0",
                "@ethersproject/transactions": "^5.7.0",
                "@ethersproject/wordlists": "^5.7.0"
            }
        },
        "node_modules/@ethersproject/json-wallets": {
            "version": "5.7.0",
            "funding": [
                {
                    "type": "individual",
                    "url": "https://gitcoin.co/grants/13/ethersjs-complete-simple-and-tiny-2"
                },
                {
                    "type": "individual",
                    "url": "https://www.buymeacoffee.com/ricmoo"
                }
            ],
            "license": "MIT",
            "dependencies": {
                "@ethersproject/abstract-signer": "^5.7.0",
                "@ethersproject/address": "^5.7.0",
                "@ethersproject/bytes": "^5.7.0",
                "@ethersproject/hdnode": "^5.7.0",
                "@ethersproject/keccak256": "^5.7.0",
                "@ethersproject/logger": "^5.7.0",
                "@ethersproject/pbkdf2": "^5.7.0",
                "@ethersproject/properties": "^5.7.0",
                "@ethersproject/random": "^5.7.0",
                "@ethersproject/strings": "^5.7.0",
                "@ethersproject/transactions": "^5.7.0",
                "aes-js": "3.0.0",
                "scrypt-js": "3.0.1"
            }
        },
        "node_modules/@ethersproject/keccak256": {
            "version": "5.7.0",
            "funding": [
                {
                    "type": "individual",
                    "url": "https://gitcoin.co/grants/13/ethersjs-complete-simple-and-tiny-2"
                },
                {
                    "type": "individual",
                    "url": "https://www.buymeacoffee.com/ricmoo"
                }
            ],
            "license": "MIT",
            "dependencies": {
                "@ethersproject/bytes": "^5.7.0",
                "js-sha3": "0.8.0"
            }
        },
        "node_modules/@ethersproject/logger": {
            "version": "5.7.0",
            "funding": [
                {
                    "type": "individual",
                    "url": "https://gitcoin.co/grants/13/ethersjs-complete-simple-and-tiny-2"
                },
                {
                    "type": "individual",
                    "url": "https://www.buymeacoffee.com/ricmoo"
                }
            ],
            "license": "MIT"
        },
        "node_modules/@ethersproject/networks": {
            "version": "5.7.1",
            "funding": [
                {
                    "type": "individual",
                    "url": "https://gitcoin.co/grants/13/ethersjs-complete-simple-and-tiny-2"
                },
                {
                    "type": "individual",
                    "url": "https://www.buymeacoffee.com/ricmoo"
                }
            ],
            "license": "MIT",
            "dependencies": {
                "@ethersproject/logger": "^5.7.0"
            }
        },
        "node_modules/@ethersproject/pbkdf2": {
            "version": "5.7.0",
            "funding": [
                {
                    "type": "individual",
                    "url": "https://gitcoin.co/grants/13/ethersjs-complete-simple-and-tiny-2"
                },
                {
                    "type": "individual",
                    "url": "https://www.buymeacoffee.com/ricmoo"
                }
            ],
            "license": "MIT",
            "dependencies": {
                "@ethersproject/bytes": "^5.7.0",
                "@ethersproject/sha2": "^5.7.0"
            }
        },
        "node_modules/@ethersproject/properties": {
            "version": "5.7.0",
            "funding": [
                {
                    "type": "individual",
                    "url": "https://gitcoin.co/grants/13/ethersjs-complete-simple-and-tiny-2"
                },
                {
                    "type": "individual",
                    "url": "https://www.buymeacoffee.com/ricmoo"
                }
            ],
            "license": "MIT",
            "dependencies": {
                "@ethersproject/logger": "^5.7.0"
            }
        },
        "node_modules/@ethersproject/providers": {
            "version": "5.7.2",
            "funding": [
                {
                    "type": "individual",
                    "url": "https://gitcoin.co/grants/13/ethersjs-complete-simple-and-tiny-2"
                },
                {
                    "type": "individual",
                    "url": "https://www.buymeacoffee.com/ricmoo"
                }
            ],
            "license": "MIT",
            "dependencies": {
                "@ethersproject/abstract-provider": "^5.7.0",
                "@ethersproject/abstract-signer": "^5.7.0",
                "@ethersproject/address": "^5.7.0",
                "@ethersproject/base64": "^5.7.0",
                "@ethersproject/basex": "^5.7.0",
                "@ethersproject/bignumber": "^5.7.0",
                "@ethersproject/bytes": "^5.7.0",
                "@ethersproject/constants": "^5.7.0",
                "@ethersproject/hash": "^5.7.0",
                "@ethersproject/logger": "^5.7.0",
                "@ethersproject/networks": "^5.7.0",
                "@ethersproject/properties": "^5.7.0",
                "@ethersproject/random": "^5.7.0",
                "@ethersproject/rlp": "^5.7.0",
                "@ethersproject/sha2": "^5.7.0",
                "@ethersproject/strings": "^5.7.0",
                "@ethersproject/transactions": "^5.7.0",
                "@ethersproject/web": "^5.7.0",
                "bech32": "1.1.4",
                "ws": "7.4.6"
            }
        },
        "node_modules/@ethersproject/providers/node_modules/ws": {
            "version": "7.4.6",
            "license": "MIT",
            "engines": {
                "node": ">=8.3.0"
            },
            "peerDependencies": {
                "bufferutil": "^4.0.1",
                "utf-8-validate": "^5.0.2"
            },
            "peerDependenciesMeta": {
                "bufferutil": {
                    "optional": true
                },
                "utf-8-validate": {
                    "optional": true
                }
            }
        },
        "node_modules/@ethersproject/random": {
            "version": "5.7.0",
            "funding": [
                {
                    "type": "individual",
                    "url": "https://gitcoin.co/grants/13/ethersjs-complete-simple-and-tiny-2"
                },
                {
                    "type": "individual",
                    "url": "https://www.buymeacoffee.com/ricmoo"
                }
            ],
            "license": "MIT",
            "dependencies": {
                "@ethersproject/bytes": "^5.7.0",
                "@ethersproject/logger": "^5.7.0"
            }
        },
        "node_modules/@ethersproject/rlp": {
            "version": "5.7.0",
            "funding": [
                {
                    "type": "individual",
                    "url": "https://gitcoin.co/grants/13/ethersjs-complete-simple-and-tiny-2"
                },
                {
                    "type": "individual",
                    "url": "https://www.buymeacoffee.com/ricmoo"
                }
            ],
            "license": "MIT",
            "dependencies": {
                "@ethersproject/bytes": "^5.7.0",
                "@ethersproject/logger": "^5.7.0"
            }
        },
        "node_modules/@ethersproject/sha2": {
            "version": "5.7.0",
            "funding": [
                {
                    "type": "individual",
                    "url": "https://gitcoin.co/grants/13/ethersjs-complete-simple-and-tiny-2"
                },
                {
                    "type": "individual",
                    "url": "https://www.buymeacoffee.com/ricmoo"
                }
            ],
            "license": "MIT",
            "dependencies": {
                "@ethersproject/bytes": "^5.7.0",
                "@ethersproject/logger": "^5.7.0",
                "hash.js": "1.1.7"
            }
        },
        "node_modules/@ethersproject/signing-key": {
            "version": "5.7.0",
            "funding": [
                {
                    "type": "individual",
                    "url": "https://gitcoin.co/grants/13/ethersjs-complete-simple-and-tiny-2"
                },
                {
                    "type": "individual",
                    "url": "https://www.buymeacoffee.com/ricmoo"
                }
            ],
            "license": "MIT",
            "dependencies": {
                "@ethersproject/bytes": "^5.7.0",
                "@ethersproject/logger": "^5.7.0",
                "@ethersproject/properties": "^5.7.0",
                "bn.js": "^5.2.1",
                "elliptic": "6.5.4",
                "hash.js": "1.1.7"
            }
        },
        "node_modules/@ethersproject/signing-key/node_modules/bn.js": {
            "version": "5.2.1",
            "license": "MIT"
        },
        "node_modules/@ethersproject/signing-key/node_modules/elliptic": {
            "version": "6.5.4",
            "license": "MIT",
            "dependencies": {
                "bn.js": "^4.11.9",
                "brorand": "^1.1.0",
                "hash.js": "^1.0.0",
                "hmac-drbg": "^1.0.1",
                "inherits": "^2.0.4",
                "minimalistic-assert": "^1.0.1",
                "minimalistic-crypto-utils": "^1.0.1"
            }
        },
        "node_modules/@ethersproject/signing-key/node_modules/elliptic/node_modules/bn.js": {
            "version": "4.12.0",
            "license": "MIT"
        },
        "node_modules/@ethersproject/solidity": {
            "version": "5.7.0",
            "funding": [
                {
                    "type": "individual",
                    "url": "https://gitcoin.co/grants/13/ethersjs-complete-simple-and-tiny-2"
                },
                {
                    "type": "individual",
                    "url": "https://www.buymeacoffee.com/ricmoo"
                }
            ],
            "license": "MIT",
            "dependencies": {
                "@ethersproject/bignumber": "^5.7.0",
                "@ethersproject/bytes": "^5.7.0",
                "@ethersproject/keccak256": "^5.7.0",
                "@ethersproject/logger": "^5.7.0",
                "@ethersproject/sha2": "^5.7.0",
                "@ethersproject/strings": "^5.7.0"
            }
        },
        "node_modules/@ethersproject/strings": {
            "version": "5.7.0",
            "funding": [
                {
                    "type": "individual",
                    "url": "https://gitcoin.co/grants/13/ethersjs-complete-simple-and-tiny-2"
                },
                {
                    "type": "individual",
                    "url": "https://www.buymeacoffee.com/ricmoo"
                }
            ],
            "license": "MIT",
            "dependencies": {
                "@ethersproject/bytes": "^5.7.0",
                "@ethersproject/constants": "^5.7.0",
                "@ethersproject/logger": "^5.7.0"
            }
        },
        "node_modules/@ethersproject/transactions": {
            "version": "5.7.0",
            "funding": [
                {
                    "type": "individual",
                    "url": "https://gitcoin.co/grants/13/ethersjs-complete-simple-and-tiny-2"
                },
                {
                    "type": "individual",
                    "url": "https://www.buymeacoffee.com/ricmoo"
                }
            ],
            "license": "MIT",
            "dependencies": {
                "@ethersproject/address": "^5.7.0",
                "@ethersproject/bignumber": "^5.7.0",
                "@ethersproject/bytes": "^5.7.0",
                "@ethersproject/constants": "^5.7.0",
                "@ethersproject/keccak256": "^5.7.0",
                "@ethersproject/logger": "^5.7.0",
                "@ethersproject/properties": "^5.7.0",
                "@ethersproject/rlp": "^5.7.0",
                "@ethersproject/signing-key": "^5.7.0"
            }
        },
        "node_modules/@ethersproject/units": {
            "version": "5.7.0",
            "funding": [
                {
                    "type": "individual",
                    "url": "https://gitcoin.co/grants/13/ethersjs-complete-simple-and-tiny-2"
                },
                {
                    "type": "individual",
                    "url": "https://www.buymeacoffee.com/ricmoo"
                }
            ],
            "license": "MIT",
            "dependencies": {
                "@ethersproject/bignumber": "^5.7.0",
                "@ethersproject/constants": "^5.7.0",
                "@ethersproject/logger": "^5.7.0"
            }
        },
        "node_modules/@ethersproject/wallet": {
            "version": "5.7.0",
            "funding": [
                {
                    "type": "individual",
                    "url": "https://gitcoin.co/grants/13/ethersjs-complete-simple-and-tiny-2"
                },
                {
                    "type": "individual",
                    "url": "https://www.buymeacoffee.com/ricmoo"
                }
            ],
            "license": "MIT",
            "dependencies": {
                "@ethersproject/abstract-provider": "^5.7.0",
                "@ethersproject/abstract-signer": "^5.7.0",
                "@ethersproject/address": "^5.7.0",
                "@ethersproject/bignumber": "^5.7.0",
                "@ethersproject/bytes": "^5.7.0",
                "@ethersproject/hash": "^5.7.0",
                "@ethersproject/hdnode": "^5.7.0",
                "@ethersproject/json-wallets": "^5.7.0",
                "@ethersproject/keccak256": "^5.7.0",
                "@ethersproject/logger": "^5.7.0",
                "@ethersproject/properties": "^5.7.0",
                "@ethersproject/random": "^5.7.0",
                "@ethersproject/signing-key": "^5.7.0",
                "@ethersproject/transactions": "^5.7.0",
                "@ethersproject/wordlists": "^5.7.0"
            }
        },
        "node_modules/@ethersproject/web": {
            "version": "5.7.1",
            "funding": [
                {
                    "type": "individual",
                    "url": "https://gitcoin.co/grants/13/ethersjs-complete-simple-and-tiny-2"
                },
                {
                    "type": "individual",
                    "url": "https://www.buymeacoffee.com/ricmoo"
                }
            ],
            "license": "MIT",
            "dependencies": {
                "@ethersproject/base64": "^5.7.0",
                "@ethersproject/bytes": "^5.7.0",
                "@ethersproject/logger": "^5.7.0",
                "@ethersproject/properties": "^5.7.0",
                "@ethersproject/strings": "^5.7.0"
            }
        },
        "node_modules/@ethersproject/wordlists": {
            "version": "5.7.0",
            "funding": [
                {
                    "type": "individual",
                    "url": "https://gitcoin.co/grants/13/ethersjs-complete-simple-and-tiny-2"
                },
                {
                    "type": "individual",
                    "url": "https://www.buymeacoffee.com/ricmoo"
                }
            ],
            "license": "MIT",
            "dependencies": {
                "@ethersproject/bytes": "^5.7.0",
                "@ethersproject/hash": "^5.7.0",
                "@ethersproject/logger": "^5.7.0",
                "@ethersproject/properties": "^5.7.0",
                "@ethersproject/strings": "^5.7.0"
            }
        },
        "node_modules/@fairdatasociety/bmt-js": {
            "version": "2.1.0",
            "license": "MIT"
        },
        "node_modules/@solarpunkltd/gsoc": {
            "version": "0.0.2",
            "license": "Apache-2.0",
            "dependencies": {
                "@fairdatasociety/bmt-js": "^2.1.0",
                "axios": "^1.7.2",
                "elliptic": "^6.5.6",
                "isomorphic-ws": "^5.0.0",
                "js-sha3": "^0.9.3",
                "ws": "^8.18.0"
            }
        },
        "node_modules/@solarpunkltd/gsoc/node_modules/axios": {
            "version": "1.7.7",
            "license": "MIT",
            "dependencies": {
                "follow-redirects": "^1.15.6",
                "form-data": "^4.0.0",
                "proxy-from-env": "^1.1.0"
            }
        },
        "node_modules/@solarpunkltd/gsoc/node_modules/isomorphic-ws": {
            "version": "5.0.0",
            "license": "MIT",
            "peerDependencies": {
                "ws": "*"
            }
        },
        "node_modules/@solarpunkltd/gsoc/node_modules/js-sha3": {
            "version": "0.9.3",
            "license": "MIT"
        },
        "node_modules/@types/lodash": {
            "version": "4.17.7",
            "dev": true,
            "license": "MIT"
        },
        "node_modules/@types/node": {
            "version": "20.14.11",
            "license": "MIT",
            "dependencies": {
                "undici-types": "~5.26.4"
            }
        },
        "node_modules/@types/pino": {
            "version": "7.0.5",
            "dev": true,
            "license": "MIT",
            "dependencies": {
                "pino": "*"
            }
        },
        "node_modules/@types/readable-stream": {
            "version": "2.3.15",
            "license": "MIT",
            "dependencies": {
                "@types/node": "*",
                "safe-buffer": "~5.1.1"
            }
        },
        "node_modules/abort-controller": {
            "version": "3.0.0",
            "license": "MIT",
            "dependencies": {
                "event-target-shim": "^5.0.0"
            },
            "engines": {
                "node": ">=6.5"
            }
        },
        "node_modules/aes-js": {
            "version": "3.0.0",
            "license": "MIT"
        },
        "node_modules/asynckit": {
            "version": "0.4.0",
            "license": "MIT"
        },
        "node_modules/atomic-sleep": {
            "version": "1.0.0",
            "license": "MIT",
            "engines": {
                "node": ">=8.0.0"
            }
        },
        "node_modules/axios": {
            "version": "0.28.1",
            "license": "MIT",
            "dependencies": {
                "follow-redirects": "^1.15.0",
                "form-data": "^4.0.0",
                "proxy-from-env": "^1.1.0"
            }
        },
        "node_modules/base64-js": {
            "version": "1.5.1",
            "funding": [
                {
                    "type": "github",
                    "url": "https://github.com/sponsors/feross"
                },
                {
                    "type": "patreon",
                    "url": "https://www.patreon.com/feross"
                },
                {
                    "type": "consulting",
                    "url": "https://feross.org/support"
                }
            ],
            "license": "MIT"
        },
        "node_modules/bech32": {
            "version": "1.1.4",
            "license": "MIT"
        },
        "node_modules/bn.js": {
            "version": "4.12.0",
            "license": "MIT"
        },
        "node_modules/brorand": {
            "version": "1.1.0",
            "license": "MIT"
        },
        "node_modules/buffer": {
            "version": "6.0.3",
            "funding": [
                {
                    "type": "github",
                    "url": "https://github.com/sponsors/feross"
                },
                {
                    "type": "patreon",
                    "url": "https://www.patreon.com/feross"
                },
                {
                    "type": "consulting",
                    "url": "https://feross.org/support"
                }
            ],
            "license": "MIT",
            "dependencies": {
                "base64-js": "^1.3.1",
                "ieee754": "^1.2.1"
            }
        },
        "node_modules/cafe-utility": {
            "version": "15.0.2",
            "license": "MIT"
        },
        "node_modules/chainsaw": {
            "version": "0.0.9",
            "license": "MIT/X11",
            "dependencies": {
                "traverse": ">=0.3.0 <0.4"
            }
        },
        "node_modules/colorette": {
            "version": "2.0.20",
            "license": "MIT"
        },
        "node_modules/combined-stream": {
            "version": "1.0.8",
            "license": "MIT",
            "dependencies": {
                "delayed-stream": "~1.0.0"
            },
            "engines": {
                "node": ">= 0.8"
            }
        },
        "node_modules/dateformat": {
            "version": "4.6.3",
            "license": "MIT",
            "engines": {
                "node": "*"
            }
        },
        "node_modules/delayed-stream": {
            "version": "1.0.0",
            "license": "MIT",
            "engines": {
                "node": ">=0.4.0"
            }
        },
        "node_modules/elliptic": {
            "version": "6.5.6",
            "license": "MIT",
            "dependencies": {
                "bn.js": "^4.11.9",
                "brorand": "^1.1.0",
                "hash.js": "^1.0.0",
                "hmac-drbg": "^1.0.1",
                "inherits": "^2.0.4",
                "minimalistic-assert": "^1.0.1",
                "minimalistic-crypto-utils": "^1.0.1"
            }
        },
        "node_modules/end-of-stream": {
            "version": "1.4.4",
            "license": "MIT",
            "dependencies": {
                "once": "^1.4.0"
            }
        },
        "node_modules/ethers": {
            "version": "5.7.2",
            "funding": [
                {
                    "type": "individual",
                    "url": "https://gitcoin.co/grants/13/ethersjs-complete-simple-and-tiny-2"
                },
                {
                    "type": "individual",
                    "url": "https://www.buymeacoffee.com/ricmoo"
                }
            ],
            "license": "MIT",
            "dependencies": {
                "@ethersproject/abi": "5.7.0",
                "@ethersproject/abstract-provider": "5.7.0",
                "@ethersproject/abstract-signer": "5.7.0",
                "@ethersproject/address": "5.7.0",
                "@ethersproject/base64": "5.7.0",
                "@ethersproject/basex": "5.7.0",
                "@ethersproject/bignumber": "5.7.0",
                "@ethersproject/bytes": "5.7.0",
                "@ethersproject/constants": "5.7.0",
                "@ethersproject/contracts": "5.7.0",
                "@ethersproject/hash": "5.7.0",
                "@ethersproject/hdnode": "5.7.0",
                "@ethersproject/json-wallets": "5.7.0",
                "@ethersproject/keccak256": "5.7.0",
                "@ethersproject/logger": "5.7.0",
                "@ethersproject/networks": "5.7.1",
                "@ethersproject/pbkdf2": "5.7.0",
                "@ethersproject/properties": "5.7.0",
                "@ethersproject/providers": "5.7.2",
                "@ethersproject/random": "5.7.0",
                "@ethersproject/rlp": "5.7.0",
                "@ethersproject/sha2": "5.7.0",
                "@ethersproject/signing-key": "5.7.0",
                "@ethersproject/solidity": "5.7.0",
                "@ethersproject/strings": "5.7.0",
                "@ethersproject/transactions": "5.7.0",
                "@ethersproject/units": "5.7.0",
                "@ethersproject/wallet": "5.7.0",
                "@ethersproject/web": "5.7.1",
                "@ethersproject/wordlists": "5.7.0"
            }
        },
        "node_modules/event-target-shim": {
            "version": "5.0.1",
            "license": "MIT",
            "engines": {
                "node": ">=6"
            }
        },
        "node_modules/events": {
            "version": "3.3.0",
            "license": "MIT",
            "engines": {
                "node": ">=0.8.x"
            }
        },
        "node_modules/fast-copy": {
            "version": "3.0.2",
            "license": "MIT"
        },
        "node_modules/fast-redact": {
            "version": "3.5.0",
            "license": "MIT",
            "engines": {
                "node": ">=6"
            }
        },
        "node_modules/fast-safe-stringify": {
            "version": "2.1.1",
            "license": "MIT"
        },
        "node_modules/fetch-blob": {
            "version": "2.1.2",
            "license": "MIT",
            "engines": {
                "node": "^10.17.0 || >=12.3.0"
            },
            "peerDependenciesMeta": {
                "domexception": {
                    "optional": true
                }
            }
        },
        "node_modules/follow-redirects": {
            "version": "1.15.6",
            "funding": [
                {
                    "type": "individual",
                    "url": "https://github.com/sponsors/RubenVerborgh"
                }
            ],
            "license": "MIT",
            "engines": {
                "node": ">=4.0"
            },
            "peerDependenciesMeta": {
                "debug": {
                    "optional": true
                }
            }
        },
        "node_modules/form-data": {
            "version": "4.0.0",
            "license": "MIT",
            "dependencies": {
                "asynckit": "^0.4.0",
                "combined-stream": "^1.0.8",
                "mime-types": "^2.1.12"
            },
            "engines": {
                "node": ">= 6"
            }
        },
        "node_modules/hash.js": {
            "version": "1.1.7",
            "license": "MIT",
            "dependencies": {
                "inherits": "^2.0.3",
                "minimalistic-assert": "^1.0.1"
            }
        },
        "node_modules/hashish": {
            "version": "0.0.4",
            "license": "MIT/X11",
            "dependencies": {
                "traverse": ">=0.2.4"
            }
        },
        "node_modules/help-me": {
            "version": "5.0.0",
            "license": "MIT"
        },
        "node_modules/hmac-drbg": {
            "version": "1.0.1",
            "license": "MIT",
            "dependencies": {
                "hash.js": "^1.0.3",
                "minimalistic-assert": "^1.0.0",
                "minimalistic-crypto-utils": "^1.0.1"
            }
        },
        "node_modules/ieee754": {
            "version": "1.2.1",
            "funding": [
                {
                    "type": "github",
                    "url": "https://github.com/sponsors/feross"
                },
                {
                    "type": "patreon",
                    "url": "https://www.patreon.com/feross"
                },
                {
                    "type": "consulting",
                    "url": "https://feross.org/support"
                }
            ],
            "license": "BSD-3-Clause"
        },
        "node_modules/inherits": {
            "version": "2.0.4",
            "license": "ISC"
        },
        "node_modules/isomorphic-ws": {
            "version": "4.0.1",
            "license": "MIT",
            "peerDependencies": {
                "ws": "*"
            }
        },
        "node_modules/joycon": {
            "version": "3.1.1",
            "license": "MIT",
            "engines": {
                "node": ">=10"
            }
        },
        "node_modules/js-sha3": {
            "version": "0.8.0",
            "license": "MIT"
        },
        "node_modules/mime-db": {
            "version": "1.52.0",
            "license": "MIT",
            "engines": {
                "node": ">= 0.6"
            }
        },
        "node_modules/mime-types": {
            "version": "2.1.35",
            "license": "MIT",
            "dependencies": {
                "mime-db": "1.52.0"
            },
            "engines": {
                "node": ">= 0.6"
            }
        },
        "node_modules/minimalistic-assert": {
            "version": "1.0.1",
            "license": "ISC"
        },
        "node_modules/minimalistic-crypto-utils": {
            "version": "1.0.1",
            "license": "MIT"
        },
        "node_modules/minimist": {
            "version": "1.2.8",
            "license": "MIT",
            "funding": {
                "url": "https://github.com/sponsors/ljharb"
            }
        },
        "node_modules/multiformats": {
            "version": "9.9.0",
            "license": "(Apache-2.0 AND MIT)"
        },
        "node_modules/on-exit-leak-free": {
            "version": "2.1.2",
            "license": "MIT",
            "engines": {
                "node": ">=14.0.0"
            }
        },
        "node_modules/once": {
            "version": "1.4.0",
            "license": "ISC",
            "dependencies": {
                "wrappy": "1"
            }
        },
        "node_modules/pino": {
            "version": "9.3.2",
            "license": "MIT",
            "dependencies": {
                "atomic-sleep": "^1.0.0",
                "fast-redact": "^3.1.1",
                "on-exit-leak-free": "^2.1.0",
                "pino-abstract-transport": "^1.2.0",
                "pino-std-serializers": "^7.0.0",
                "process-warning": "^4.0.0",
                "quick-format-unescaped": "^4.0.3",
                "real-require": "^0.2.0",
                "safe-stable-stringify": "^2.3.1",
                "sonic-boom": "^4.0.1",
                "thread-stream": "^3.0.0"
            },
            "bin": {
                "pino": "bin.js"
            }
        },
        "node_modules/pino-abstract-transport": {
            "version": "1.2.0",
            "license": "MIT",
            "dependencies": {
                "readable-stream": "^4.0.0",
                "split2": "^4.0.0"
            }
        },
        "node_modules/pino-pretty": {
            "version": "11.2.2",
            "license": "MIT",
            "dependencies": {
                "colorette": "^2.0.7",
                "dateformat": "^4.6.3",
                "fast-copy": "^3.0.2",
                "fast-safe-stringify": "^2.1.1",
                "help-me": "^5.0.0",
                "joycon": "^3.1.1",
                "minimist": "^1.2.6",
                "on-exit-leak-free": "^2.1.0",
                "pino-abstract-transport": "^1.0.0",
                "pump": "^3.0.0",
                "readable-stream": "^4.0.0",
                "secure-json-parse": "^2.4.0",
                "sonic-boom": "^4.0.1",
                "strip-json-comments": "^3.1.1"
            },
            "bin": {
                "pino-pretty": "bin.js"
            }
        },
        "node_modules/pino-std-serializers": {
            "version": "7.0.0",
            "license": "MIT"
        },
        "node_modules/process": {
            "version": "0.11.10",
            "license": "MIT",
            "engines": {
                "node": ">= 0.6.0"
            }
        },
        "node_modules/process-warning": {
            "version": "4.0.0",
            "license": "MIT"
        },
        "node_modules/proxy-from-env": {
            "version": "1.1.0",
            "license": "MIT"
        },
        "node_modules/pump": {
            "version": "3.0.0",
            "license": "MIT",
            "dependencies": {
                "end-of-stream": "^1.1.0",
                "once": "^1.3.1"
            }
        },
        "node_modules/quick-format-unescaped": {
            "version": "4.0.4",
            "license": "MIT"
        },
        "node_modules/readable-stream": {
            "version": "4.5.2",
            "license": "MIT",
            "dependencies": {
                "abort-controller": "^3.0.0",
                "buffer": "^6.0.3",
                "events": "^3.3.0",
                "process": "^0.11.10",
                "string_decoder": "^1.3.0"
            },
            "engines": {
                "node": "^12.22.0 || ^14.17.0 || >=16.0.0"
            }
        },
        "node_modules/real-require": {
            "version": "0.2.0",
            "license": "MIT",
            "engines": {
                "node": ">= 12.13.0"
            }
        },
        "node_modules/remove": {
            "version": "0.1.5",
            "license": "MIT",
            "dependencies": {
                "seq": ">= 0.3.5"
            }
        },
        "node_modules/safe-buffer": {
            "version": "5.1.2",
            "license": "MIT"
        },
        "node_modules/safe-stable-stringify": {
            "version": "2.4.3",
            "license": "MIT",
            "engines": {
                "node": ">=10"
            }
        },
        "node_modules/scrypt-js": {
            "version": "3.0.1",
            "license": "MIT"
        },
        "node_modules/secure-json-parse": {
            "version": "2.7.0",
            "license": "BSD-3-Clause"
        },
        "node_modules/semver": {
            "version": "7.6.3",
            "license": "ISC",
            "bin": {
                "semver": "bin/semver.js"
            },
            "engines": {
                "node": ">=10"
            }
        },
        "node_modules/seq": {
            "version": "0.3.5",
            "license": "MIT/X11",
            "dependencies": {
                "chainsaw": ">=0.0.7 <0.1",
                "hashish": ">=0.0.2 <0.1"
            }
        },
        "node_modules/sonic-boom": {
            "version": "4.0.1",
            "license": "MIT",
            "dependencies": {
                "atomic-sleep": "^1.0.0"
            }
        },
        "node_modules/split2": {
            "version": "4.2.0",
            "license": "ISC",
            "engines": {
                "node": ">= 10.x"
            }
        },
        "node_modules/string_decoder": {
            "version": "1.3.0",
            "license": "MIT",
            "dependencies": {
                "safe-buffer": "~5.2.0"
            }
        },
        "node_modules/string_decoder/node_modules/safe-buffer": {
            "version": "5.2.1",
            "funding": [
                {
                    "type": "github",
                    "url": "https://github.com/sponsors/feross"
                },
                {
                    "type": "patreon",
                    "url": "https://www.patreon.com/feross"
                },
                {
                    "type": "consulting",
                    "url": "https://feross.org/support"
                }
            ],
            "license": "MIT"
        },
        "node_modules/strip-json-comments": {
            "version": "3.1.1",
            "license": "MIT",
            "engines": {
                "node": ">=8"
            },
            "funding": {
                "url": "https://github.com/sponsors/sindresorhus"
            }
        },
        "node_modules/tar-js": {
            "version": "0.3.0"
        },
        "node_modules/thread-stream": {
            "version": "3.1.0",
            "license": "MIT",
            "dependencies": {
                "real-require": "^0.2.0"
            }
        },
        "node_modules/traverse": {
            "version": "0.3.9",
            "license": "MIT/X11"
        },
        "node_modules/typescript": {
            "version": "4.9.5",
            "dev": true,
            "license": "Apache-2.0",
            "bin": {
                "tsc": "bin/tsc",
                "tsserver": "bin/tsserver"
            },
            "engines": {
                "node": ">=4.2.0"
            }
        },
        "node_modules/undici-types": {
            "version": "5.26.5",
            "license": "MIT"
        },
        "node_modules/web-streams-polyfill": {
            "version": "4.0.0",
            "license": "MIT",
            "engines": {
                "node": ">= 8"
            }
        },
        "node_modules/wrappy": {
            "version": "1.0.2",
            "license": "ISC"
        },
        "node_modules/ws": {
            "version": "8.18.0",
            "license": "MIT",
            "engines": {
                "node": ">=10.0.0"
            },
            "peerDependencies": {
                "bufferutil": "^4.0.1",
                "utf-8-validate": ">=5.0.2"
            },
            "peerDependenciesMeta": {
                "bufferutil": {
                    "optional": true
                },
                "utf-8-validate": {
                    "optional": true
                }
            }
        }
    }
}
